
Microsoft Visual Studio Solution File, Format Version 12.00
# Visual Studio 15
VisualStudioVersion = 15.0.28307.572
MinimumVisualStudioVersion = 10.0.40219.1
Project("{FAE04EC0-301F-11D3-BF4B-00C04F79EFBC}") = "SDRHackBox", "SDRHackBox\SDRHackBox.csproj", "{7C1FACE3-9D86-4533-A294-4168A8C67BC8}"
EndProject
Global
	GlobalSection(SolutionConfigurationPlatforms) = preSolution
		Debug|Any CPU = Debug|Any CPU
		Release|Any CPU = Release|Any CPU
	EndGlobalSection
	GlobalSection(ProjectConfigurationPlatforms) = postSolution
		{7C1FACE3-9D86-4533-A294-4168A8C67BC8}.Debug|Any CPU.ActiveCfg = Debug|Any CPU
		{7C1FACE3-9D86-4533-A294-4168A8C67BC8}.Debug|Any CPU.Build.0 = Debug|Any CPU
		{7C1FACE3-9D86-4533-A294-4168A8C67BC8}.Release|Any CPU.ActiveCfg = Release|Any CPU
		{7C1FACE3-9D86-4533-A294-4168A8C67BC8}.Release|Any CPU.Build.0 = Release|Any CPU
	EndGlobalSection
	GlobalSection(SolutionProperties) = preSolution
		HideSolutionNode = FALSE
	EndGlobalSection
	GlobalSection(ExtensibilityGlobals) = postSolution
		SolutionGuid = {2DBF97F7-F6C4-4B4F-BC1E-6983FF7BF81A}
	EndGlobalSection
EndGlobal
